
Microsoft Visual Studio Solution File, Format Version 12.00
# Visual Studio Version 16
VisualStudioVersion = 16.0.31727.386
MinimumVisualStudioVersion = 10.0.40219.1
Project("{9A19103F-16F7-4668-BE54-9A1E7A4F7556}") = "Targil0", "Targil0\Targil0.csproj", "{14EBA74D-0869-4D0D-A02F-1128346ECE31}"
EndProject
Project("{9A19103F-16F7-4668-BE54-9A1E7A4F7556}") = "ConsoleUI", "ConsoleUI\ConsoleUI.csproj", "{76C4E840-03B1-4F9C-92D5-54BB028E8A68}"
EndProject
Project("{9A19103F-16F7-4668-BE54-9A1E7A4F7556}") = "DALFacade", "DalFacade\DALFacade.csproj", "{4BE480EF-FA42-48E1-ACE5-455FAD81A2F9}"
EndProject
Project("{9A19103F-16F7-4668-BE54-9A1E7A4F7556}") = "BL", "BL\BL.csproj", "{6366DC39-74FC-4FB6-BA6E-42DED6166100}"
EndProject
Project("{9A19103F-16F7-4668-BE54-9A1E7A4F7556}") = "ConsuleUI_BL", "ConsuleUI_BL\ConsuleUI_BL.csproj", "{0A05D18F-3275-4529-B11F-C290E51FBF34}"
EndProject
Project("{9A19103F-16F7-4668-BE54-9A1E7A4F7556}") = "PL", "PL\PL.csproj", "{36EAEBAF-E1EC-48E8-BB85-C06881C004AB}"
	ProjectSection(ProjectDependencies) = postProject
		{6366DC39-74FC-4FB6-BA6E-42DED6166100} = {6366DC39-74FC-4FB6-BA6E-42DED6166100}
	EndProjectSection
EndProject
Project("{9A19103F-16F7-4668-BE54-9A1E7A4F7556}") = "DLXML", "DLXML\DLXML.csproj", "{628F76A6-3BEE-4CDE-9AEE-FCA3CD0B154C}"
EndProject
Project("{9A19103F-16F7-4668-BE54-9A1E7A4F7556}") = "DalObject", "DalObject\DalObject.csproj", "{73B0E016-AF41-4A92-B718-9872A098D373}"
EndProject
Project("{2150E333-8FDC-42A3-9474-1A3956D46DE8}") = "xml", "xml", "{A8ECB107-297A-42FA-BB72-AAD4502E12FE}"
	ProjectSection(SolutionItems) = preProject
		xml\BaseStationsXml.xml = xml\BaseStationsXml.xml
		xml\CustomersXml.xml = xml\CustomersXml.xml
		xml\dal-config.xml = xml\dal-config.xml
		xml\DataXml.xml = xml\DataXml.xml
		xml\DroneChargesXml.xml = xml\DroneChargesXml.xml
		xml\DronesXml.xml = xml\DronesXml.xml
		xml\ParcelsXml.xml = xml\ParcelsXml.xml
	EndProjectSection
EndProject
Project("{2150E333-8FDC-42A3-9474-1A3956D46DE8}") = "Solution Items", "Solution Items", "{1C4E7ED1-FAA2-4CBD-B9CB-88F82D3D9060}"
	ProjectSection(SolutionItems) = preProject
		בונוסים.txt = בונוסים.txt
	EndProjectSection
EndProject
Global
	GlobalSection(SolutionConfigurationPlatforms) = preSolution
		Debug|Any CPU = Debug|Any CPU
		Release|Any CPU = Release|Any CPU
	EndGlobalSection
	GlobalSection(ProjectConfigurationPlatforms) = postSolution
		{14EBA74D-0869-4D0D-A02F-1128346ECE31}.Debug|Any CPU.ActiveCfg = Debug|Any CPU
		{14EBA74D-0869-4D0D-A02F-1128346ECE31}.Debug|Any CPU.Build.0 = Debug|Any CPU
		{14EBA74D-0869-4D0D-A02F-1128346ECE31}.Release|Any CPU.ActiveCfg = Release|Any CPU
		{14EBA74D-0869-4D0D-A02F-1128346ECE31}.Release|Any CPU.Build.0 = Release|Any CPU
		{76C4E840-03B1-4F9C-92D5-54BB028E8A68}.Debug|Any CPU.ActiveCfg = Debug|Any CPU
		{76C4E840-03B1-4F9C-92D5-54BB028E8A68}.Debug|Any CPU.Build.0 = Debug|Any CPU
		{76C4E840-03B1-4F9C-92D5-54BB028E8A68}.Release|Any CPU.ActiveCfg = Release|Any CPU
		{76C4E840-03B1-4F9C-92D5-54BB028E8A68}.Release|Any CPU.Build.0 = Release|Any CPU
		{4BE480EF-FA42-48E1-ACE5-455FAD81A2F9}.Debug|Any CPU.ActiveCfg = Debug|Any CPU
		{4BE480EF-FA42-48E1-ACE5-455FAD81A2F9}.Debug|Any CPU.Build.0 = Debug|Any CPU
		{4BE480EF-FA42-48E1-ACE5-455FAD81A2F9}.Release|Any CPU.ActiveCfg = Release|Any CPU
		{4BE480EF-FA42-48E1-ACE5-455FAD81A2F9}.Release|Any CPU.Build.0 = Release|Any CPU
		{6366DC39-74FC-4FB6-BA6E-42DED6166100}.Debug|Any CPU.ActiveCfg = Debug|Any CPU
		{6366DC39-74FC-4FB6-BA6E-42DED6166100}.Debug|Any CPU.Build.0 = Debug|Any CPU
		{6366DC39-74FC-4FB6-BA6E-42DED6166100}.Release|Any CPU.ActiveCfg = Release|Any CPU
		{6366DC39-74FC-4FB6-BA6E-42DED6166100}.Release|Any CPU.Build.0 = Release|Any CPU
		{0A05D18F-3275-4529-B11F-C290E51FBF34}.Debug|Any CPU.ActiveCfg = Debug|Any CPU
		{0A05D18F-3275-4529-B11F-C290E51FBF34}.Debug|Any CPU.Build.0 = Debug|Any CPU
		{0A05D18F-3275-4529-B11F-C290E51FBF34}.Release|Any CPU.ActiveCfg = Release|Any CPU
		{0A05D18F-3275-4529-B11F-C290E51FBF34}.Release|Any CPU.Build.0 = Release|Any CPU
		{36EAEBAF-E1EC-48E8-BB85-C06881C004AB}.Debug|Any CPU.ActiveCfg = Debug|Any CPU
		{36EAEBAF-E1EC-48E8-BB85-C06881C004AB}.Debug|Any CPU.Build.0 = Debug|Any CPU
		{36EAEBAF-E1EC-48E8-BB85-C06881C004AB}.Release|Any CPU.ActiveCfg = Release|Any CPU
		{36EAEBAF-E1EC-48E8-BB85-C06881C004AB}.Release|Any CPU.Build.0 = Release|Any CPU
		{628F76A6-3BEE-4CDE-9AEE-FCA3CD0B154C}.Debug|Any CPU.ActiveCfg = Debug|Any CPU
		{628F76A6-3BEE-4CDE-9AEE-FCA3CD0B154C}.Debug|Any CPU.Build.0 = Debug|Any CPU
		{628F76A6-3BEE-4CDE-9AEE-FCA3CD0B154C}.Release|Any CPU.ActiveCfg = Release|Any CPU
		{628F76A6-3BEE-4CDE-9AEE-FCA3CD0B154C}.Release|Any CPU.Build.0 = Release|Any CPU
		{73B0E016-AF41-4A92-B718-9872A098D373}.Debug|Any CPU.ActiveCfg = Debug|Any CPU
		{73B0E016-AF41-4A92-B718-9872A098D373}.Debug|Any CPU.Build.0 = Debug|Any CPU
		{73B0E016-AF41-4A92-B718-9872A098D373}.Release|Any CPU.ActiveCfg = Release|Any CPU
		{73B0E016-AF41-4A92-B718-9872A098D373}.Release|Any CPU.Build.0 = Release|Any CPU
	EndGlobalSection
	GlobalSection(SolutionProperties) = preSolution
		HideSolutionNode = FALSE
	EndGlobalSection
	GlobalSection(ExtensibilityGlobals) = postSolution
		SolutionGuid = {813B4B0B-2F1D-4840-BA8F-3E21B78E44A3}
	EndGlobalSection
EndGlobal
